
Microsoft Visual Studio Solution File, Format Version 12.00
# Visual Studio Version 17
VisualStudioVersion = 17.14.36414.22 d17.14
MinimumVisualStudioVersion = 10.0.40219.1
Project("{FAE04EC0-301F-11D3-BF4B-00C04F79EFBC}") = "MyFirstApi", "MyFirstApi.csproj", "{89F0AE87-7F7D-4CC0-A007-FD1ABFBA16B6}"
EndProject
Global
	GlobalSection(SolutionConfigurationPlatforms) = preSolution
		Debug|Any CPU = Debug|Any CPU
		Release|Any CPU = Release|Any CPU
	EndGlobalSection
	GlobalSection(ProjectConfigurationPlatforms) = postSolution
		{89F0AE87-7F7D-4CC0-A007-FD1ABFBA16B6}.Debug|Any CPU.ActiveCfg = Debug|Any CPU
		{89F0AE87-7F7D-4CC0-A007-FD1ABFBA16B6}.Debug|Any CPU.Build.0 = Debug|Any CPU
		{89F0AE87-7F7D-4CC0-A007-FD1ABFBA16B6}.Release|Any CPU.ActiveCfg = Release|Any CPU
		{89F0AE87-7F7D-4CC0-A007-FD1ABFBA16B6}.Release|Any CPU.Build.0 = Release|Any CPU
	EndGlobalSection
	GlobalSection(SolutionProperties) = preSolution
		HideSolutionNode = FALSE
	EndGlobalSection
	GlobalSection(ExtensibilityGlobals) = postSolution
		SolutionGuid = {6EF19FE9-0F58-46D4-8E30-98C0E8ED8FB5}
	EndGlobalSection
EndGlobal
