
Microsoft Visual Studio Solution File, Format Version 12.00
# Visual Studio Version 17
VisualStudioVersion = 17.14.36414.22 d17.14
MinimumVisualStudioVersion = 10.0.40219.1
Project("{FAE04EC0-301F-11D3-BF4B-00C04F79EFBC}") = "MyFirstApiSimple", "MyFirstApiSimple.csproj", "{A33967D8-AF15-4AA3-AD91-C29E6349D0CA}"
EndProject
Global
	GlobalSection(SolutionConfigurationPlatforms) = preSolution
		Debug|Any CPU = Debug|Any CPU
		Release|Any CPU = Release|Any CPU
	EndGlobalSection
	GlobalSection(ProjectConfigurationPlatforms) = postSolution
		{A33967D8-AF15-4AA3-AD91-C29E6349D0CA}.Debug|Any CPU.ActiveCfg = Debug|Any CPU
		{A33967D8-AF15-4AA3-AD91-C29E6349D0CA}.Debug|Any CPU.Build.0 = Debug|Any CPU
		{A33967D8-AF15-4AA3-AD91-C29E6349D0CA}.Release|Any CPU.ActiveCfg = Release|Any CPU
		{A33967D8-AF15-4AA3-AD91-C29E6349D0CA}.Release|Any CPU.Build.0 = Release|Any CPU
	EndGlobalSection
	GlobalSection(SolutionProperties) = preSolution
		HideSolutionNode = FALSE
	EndGlobalSection
	GlobalSection(ExtensibilityGlobals) = postSolution
		SolutionGuid = {218BCAFE-BA41-42F9-BC61-48130B39E99C}
	EndGlobalSection
EndGlobal
