
Microsoft Visual Studio Solution File, Format Version 12.00
# Visual Studio Version 17
VisualStudioVersion = 17.14.36518.9 d17.14
MinimumVisualStudioVersion = 10.0.40219.1
Project("{FAE04EC0-301F-11D3-BF4B-00C04F79EFBC}") = "CustomizeAPIClient", "CustomizeAPIClient.csproj", "{38EEC15C-9574-4299-9C34-6AE3C0AAD162}"
EndProject
Global
	GlobalSection(SolutionConfigurationPlatforms) = preSolution
		Debug|Any CPU = Debug|Any CPU
		Release|Any CPU = Release|Any CPU
	EndGlobalSection
	GlobalSection(ProjectConfigurationPlatforms) = postSolution
		{38EEC15C-9574-4299-9C34-6AE3C0AAD162}.Debug|Any CPU.ActiveCfg = Debug|Any CPU
		{38EEC15C-9574-4299-9C34-6AE3C0AAD162}.Debug|Any CPU.Build.0 = Debug|Any CPU
		{38EEC15C-9574-4299-9C34-6AE3C0AAD162}.Release|Any CPU.ActiveCfg = Release|Any CPU
		{38EEC15C-9574-4299-9C34-6AE3C0AAD162}.Release|Any CPU.Build.0 = Release|Any CPU
	EndGlobalSection
	GlobalSection(SolutionProperties) = preSolution
		HideSolutionNode = FALSE
	EndGlobalSection
	GlobalSection(ExtensibilityGlobals) = postSolution
		SolutionGuid = {725E70C1-6895-4058-9DF2-69649998612E}
	EndGlobalSection
EndGlobal
